// !$*UTF8*$!
{
	archiveVersion = 1;
	classes = {
	};
	objectVersion = 55;
	objects = {

/* Begin PBXBuildFile section */
		13FDFB1F29120438003DDD1F /* AppDelegate.swift in Sources */ = {isa = PBXBuildFile; fileRef = 13FDFB1E29120438003DDD1F /* AppDelegate.swift */; };
		13FDFB2129120438003DDD1F /* SceneDelegate.swift in Sources */ = {isa = PBXBuildFile; fileRef = 13FDFB2029120438003DDD1F /* SceneDelegate.swift */; };
		13FDFB2329120438003DDD1F /* MainViewController.swift in Sources */ = {isa = PBXBuildFile; fileRef = 13FDFB2229120438003DDD1F /* MainViewController.swift */; };
		13FDFB2629120438003DDD1F /* Main.storyboard in Resources */ = {isa = PBXBuildFile; fileRef = 13FDFB2429120438003DDD1F /* Main.storyboard */; };
		13FDFB282912043B003DDD1F /* Assets.xcassets in Resources */ = {isa = PBXBuildFile; fileRef = 13FDFB272912043B003DDD1F /* Assets.xcassets */; };
		13FDFB2B2912043B003DDD1F /* LaunchScreen.storyboard in Resources */ = {isa = PBXBuildFile; fileRef = 13FDFB292912043B003DDD1F /* LaunchScreen.storyboard */; };
		13FDFB362912096D003DDD1F /* LoginViewController.swift in Sources */ = {isa = PBXBuildFile; fileRef = 13FDFB352912096D003DDD1F /* LoginViewController.swift */; };
		13FDFB3829120C97003DDD1F /* Colors.xcassets in Resources */ = {isa = PBXBuildFile; fileRef = 13FDFB3729120C97003DDD1F /* Colors.xcassets */; };
		13FDFB3A29123793003DDD1F /* FriendsViewCell.swift in Sources */ = {isa = PBXBuildFile; fileRef = 13FDFB3929123792003DDD1F /* FriendsViewCell.swift */; };
		13FDFB3D29123A06003DDD1F /* FriendsViewCell.xib in Resources */ = {isa = PBXBuildFile; fileRef = 13FDFB3C29123A06003DDD1F /* FriendsViewCell.xib */; };
/* End PBXBuildFile section */

/* Begin PBXFileReference section */
		13FDFB1B29120438003DDD1F /* VKClone.app */ = {isa = PBXFileReference; explicitFileType = wrapper.application; includeInIndex = 0; path = VKClone.app; sourceTree = BUILT_PRODUCTS_DIR; };
		13FDFB1E29120438003DDD1F /* AppDelegate.swift */ = {isa = PBXFileReference; lastKnownFileType = sourcecode.swift; path = AppDelegate.swift; sourceTree = "<group>"; };
		13FDFB2029120438003DDD1F /* SceneDelegate.swift */ = {isa = PBXFileReference; lastKnownFileType = sourcecode.swift; path = SceneDelegate.swift; sourceTree = "<group>"; };
		13FDFB2229120438003DDD1F /* MainViewController.swift */ = {isa = PBXFileReference; lastKnownFileType = sourcecode.swift; path = MainViewController.swift; sourceTree = "<group>"; };
		13FDFB2529120438003DDD1F /* Base */ = {isa = PBXFileReference; lastKnownFileType = file.storyboard; name = Base; path = Base.lproj/Main.storyboard; sourceTree = "<group>"; };
		13FDFB272912043B003DDD1F /* Assets.xcassets */ = {isa = PBXFileReference; lastKnownFileType = folder.assetcatalog; path = Assets.xcassets; sourceTree = "<group>"; };
		13FDFB2A2912043B003DDD1F /* Base */ = {isa = PBXFileReference; lastKnownFileType = file.storyboard; name = Base; path = Base.lproj/LaunchScreen.storyboard; sourceTree = "<group>"; };
		13FDFB2C2912043B003DDD1F /* Info.plist */ = {isa = PBXFileReference; lastKnownFileType = text.plist.xml; path = Info.plist; sourceTree = "<group>"; };
		13FDFB352912096D003DDD1F /* LoginViewController.swift */ = {isa = PBXFileReference; lastKnownFileType = sourcecode.swift; path = LoginViewController.swift; sourceTree = "<group>"; };
		13FDFB3729120C97003DDD1F /* Colors.xcassets */ = {isa = PBXFileReference; lastKnownFileType = folder.assetcatalog; path = Colors.xcassets; sourceTree = "<group>"; };
		13FDFB3929123792003DDD1F /* FriendsViewCell.swift */ = {isa = PBXFileReference; lastKnownFileType = sourcecode.swift; path = FriendsViewCell.swift; sourceTree = "<group>"; };
		13FDFB3C29123A06003DDD1F /* FriendsViewCell.xib */ = {isa = PBXFileReference; lastKnownFileType = file.xib; path = FriendsViewCell.xib; sourceTree = "<group>"; };
/* End PBXFileReference section */

/* Begin PBXFrameworksBuildPhase section */
		13FDFB1829120438003DDD1F /* Frameworks */ = {
			isa = PBXFrameworksBuildPhase;
			buildActionMask = 2147483647;
			files = (
			);
			runOnlyForDeploymentPostprocessing = 0;
		};
/* End PBXFrameworksBuildPhase section */

/* Begin PBXGroup section */
		13FDFB1229120438003DDD1F = {
			isa = PBXGroup;
			children = (
				13FDFB1D29120438003DDD1F /* VKClone */,
				13FDFB1C29120438003DDD1F /* Products */,
			);
			sourceTree = "<group>";
		};
		13FDFB1C29120438003DDD1F /* Products */ = {
			isa = PBXGroup;
			children = (
				13FDFB1B29120438003DDD1F /* VKClone.app */,
			);
			name = Products;
			sourceTree = "<group>";
		};
		13FDFB1D29120438003DDD1F /* VKClone */ = {
			isa = PBXGroup;
			children = (
				13FDFB1E29120438003DDD1F /* AppDelegate.swift */,
				13FDFB2029120438003DDD1F /* SceneDelegate.swift */,
				13FDFB3429120950003DDD1F /* ViewControllers */,
				13FDFB3B2912379A003DDD1F /* Views */,
				13FDFB2429120438003DDD1F /* Main.storyboard */,
				13FDFB3729120C97003DDD1F /* Colors.xcassets */,
				13FDFB272912043B003DDD1F /* Assets.xcassets */,
				13FDFB292912043B003DDD1F /* LaunchScreen.storyboard */,
				13FDFB2C2912043B003DDD1F /* Info.plist */,
			);
			path = VKClone;
			sourceTree = "<group>";
		};
		13FDFB3429120950003DDD1F /* ViewControllers */ = {
			isa = PBXGroup;
			children = (
				13FDFB2229120438003DDD1F /* MainViewController.swift */,
				13FDFB352912096D003DDD1F /* LoginViewController.swift */,
			);
			path = ViewControllers;
			sourceTree = "<group>";
		};
		13FDFB3B2912379A003DDD1F /* Views */ = {
			isa = PBXGroup;
			children = (
				13FDFB3929123792003DDD1F /* FriendsViewCell.swift */,
				13FDFB3C29123A06003DDD1F /* FriendsViewCell.xib */,
			);
			path = Views;
			sourceTree = "<group>";
		};
/* End PBXGroup section */

/* Begin PBXNativeTarget section */
		13FDFB1A29120438003DDD1F /* VKClone */ = {
			isa = PBXNativeTarget;
			buildConfigurationList = 13FDFB2F2912043B003DDD1F /* Build configuration list for PBXNativeTarget "VKClone" */;
			buildPhases = (
				13FDFB3229120447003DDD1F /* SwiftLintScript */,
				13FDFB3329120467003DDD1F /* SwiftFormatScript */,
				13FDFB1729120438003DDD1F /* Sources */,
				13FDFB1829120438003DDD1F /* Frameworks */,
				13FDFB1929120438003DDD1F /* Resources */,
			);
			buildRules = (
			);
			dependencies = (
			);
			name = VKClone;
			productName = VKClone;
			productReference = 13FDFB1B29120438003DDD1F /* VKClone.app */;
			productType = "com.apple.product-type.application";
		};
/* End PBXNativeTarget section */

/* Begin PBXProject section */
		13FDFB1329120438003DDD1F /* Project object */ = {
			isa = PBXProject;
			attributes = {
				BuildIndependentTargetsInParallel = 1;
				LastSwiftUpdateCheck = 1310;
				LastUpgradeCheck = 1310;
				TargetAttributes = {
					13FDFB1A29120438003DDD1F = {
						CreatedOnToolsVersion = 13.1;
					};
				};
			};
			buildConfigurationList = 13FDFB1629120438003DDD1F /* Build configuration list for PBXProject "VKClone" */;
			compatibilityVersion = "Xcode 13.0";
			developmentRegion = en;
			hasScannedForEncodings = 0;
			knownRegions = (
				en,
				Base,
			);
			mainGroup = 13FDFB1229120438003DDD1F;
			productRefGroup = 13FDFB1C29120438003DDD1F /* Products */;
			projectDirPath = "";
			projectRoot = "";
			targets = (
				13FDFB1A29120438003DDD1F /* VKClone */,
			);
		};
/* End PBXProject section */

/* Begin PBXResourcesBuildPhase section */
		13FDFB1929120438003DDD1F /* Resources */ = {
			isa = PBXResourcesBuildPhase;
			buildActionMask = 2147483647;
			files = (
				13FDFB2B2912043B003DDD1F /* LaunchScreen.storyboard in Resources */,
				13FDFB3829120C97003DDD1F /* Colors.xcassets in Resources */,
				13FDFB3D29123A06003DDD1F /* FriendsViewCell.xib in Resources */,
				13FDFB282912043B003DDD1F /* Assets.xcassets in Resources */,
				13FDFB2629120438003DDD1F /* Main.storyboard in Resources */,
			);
			runOnlyForDeploymentPostprocessing = 0;
		};
/* End PBXResourcesBuildPhase section */

/* Begin PBXShellScriptBuildPhase section */
		13FDFB3229120447003DDD1F /* SwiftLintScript */ = {
			isa = PBXShellScriptBuildPhase;
			buildActionMask = 2147483647;
			files = (
			);
			inputFileListPaths = (
			);
			inputPaths = (
			);
			name = SwiftLintScript;
			outputFileListPaths = (
			);
			outputPaths = (
			);
			runOnlyForDeploymentPostprocessing = 0;
			shellPath = /bin/sh;
			shellScript = "if which swiftlint > /dev/null; then\n  swiftlint\nelse\n  echo \"warning: SwiftLint not installed, download from https://github.com/realm/SwiftLint\"\nfi\n";
		};
		13FDFB3329120467003DDD1F /* SwiftFormatScript */ = {
			isa = PBXShellScriptBuildPhase;
			buildActionMask = 2147483647;
			files = (
			);
			inputFileListPaths = (
			);
			inputPaths = (
			);
			name = SwiftFormatScript;
			outputFileListPaths = (
			);
			outputPaths = (
			);
			runOnlyForDeploymentPostprocessing = 0;
			shellPath = /bin/sh;
			shellScript = "if which swiftformat >/dev/null; then\n  swiftformat .\nelse\n  echo \"warning: SwiftFormat not installed, download from https://github.com/nicklockwood/SwiftFormat\"\nfi\n";
		};
/* End PBXShellScriptBuildPhase section */

/* Begin PBXSourcesBuildPhase section */
		13FDFB1729120438003DDD1F /* Sources */ = {
			isa = PBXSourcesBuildPhase;
			buildActionMask = 2147483647;
			files = (
				13FDFB362912096D003DDD1F /* LoginViewController.swift in Sources */,
				13FDFB2329120438003DDD1F /* MainViewController.swift in Sources */,
				13FDFB3A29123793003DDD1F /* FriendsViewCell.swift in Sources */,
				13FDFB1F29120438003DDD1F /* AppDelegate.swift in Sources */,
				13FDFB2129120438003DDD1F /* SceneDelegate.swift in Sources */,
			);
			runOnlyForDeploymentPostprocessing = 0;
		};
/* End PBXSourcesBuildPhase section */

/* Begin PBXVariantGroup section */
		13FDFB2429120438003DDD1F /* Main.storyboard */ = {
			isa = PBXVariantGroup;
			children = (
				13FDFB2529120438003DDD1F /* Base */,
			);
			name = Main.storyboard;
			sourceTree = "<group>";
		};
		13FDFB292912043B003DDD1F /* LaunchScreen.storyboard */ = {
			isa = PBXVariantGroup;
			children = (
				13FDFB2A2912043B003DDD1F /* Base */,
			);
			name = LaunchScreen.storyboard;
			sourceTree = "<group>";
		};
/* End PBXVariantGroup section */

/* Begin XCBuildConfiguration section */
		13FDFB2D2912043B003DDD1F /* Debug */ = {
			isa = XCBuildConfiguration;
			buildSettings = {
				ALWAYS_SEARCH_USER_PATHS = NO;
				CLANG_ANALYZER_NONNULL = YES;
				CLANG_ANALYZER_NUMBER_OBJECT_CONVERSION = YES_AGGRESSIVE;
				CLANG_CXX_LANGUAGE_STANDARD = "gnu++17";
				CLANG_CXX_LIBRARY = "libc++";
				CLANG_ENABLE_MODULES = YES;
				CLANG_ENABLE_OBJC_ARC = YES;
				CLANG_ENABLE_OBJC_WEAK = YES;
				CLANG_WARN_BLOCK_CAPTURE_AUTORELEASING = YES;
				CLANG_WARN_BOOL_CONVERSION = YES;
				CLANG_WARN_COMMA = YES;
				CLANG_WARN_CONSTANT_CONVERSION = YES;
				CLANG_WARN_DEPRECATED_OBJC_IMPLEMENTATIONS = YES;
				CLANG_WARN_DIRECT_OBJC_ISA_USAGE = YES_ERROR;
				CLANG_WARN_DOCUMENTATION_COMMENTS = YES;
				CLANG_WARN_EMPTY_BODY = YES;
				CLANG_WARN_ENUM_CONVERSION = YES;
				CLANG_WARN_INFINITE_RECURSION = YES;
				CLANG_WARN_INT_CONVERSION = YES;
				CLANG_WARN_NON_LITERAL_NULL_CONVERSION = YES;
				CLANG_WARN_OBJC_IMPLICIT_RETAIN_SELF = YES;
				CLANG_WARN_OBJC_LITERAL_CONVERSION = YES;
				CLANG_WARN_OBJC_ROOT_CLASS = YES_ERROR;
				CLANG_WARN_QUOTED_INCLUDE_IN_FRAMEWORK_HEADER = YES;
				CLANG_WARN_RANGE_LOOP_ANALYSIS = YES;
				CLANG_WARN_STRICT_PROTOTYPES = YES;
				CLANG_WARN_SUSPICIOUS_MOVE = YES;
				CLANG_WARN_UNGUARDED_AVAILABILITY = YES_AGGRESSIVE;
				CLANG_WARN_UNREACHABLE_CODE = YES;
				CLANG_WARN__DUPLICATE_METHOD_MATCH = YES;
				COPY_PHASE_STRIP = NO;
				DEBUG_INFORMATION_FORMAT = dwarf;
				ENABLE_STRICT_OBJC_MSGSEND = YES;
				ENABLE_TESTABILITY = YES;
				GCC_C_LANGUAGE_STANDARD = gnu11;
				GCC_DYNAMIC_NO_PIC = NO;
				GCC_NO_COMMON_BLOCKS = YES;
				GCC_OPTIMIZATION_LEVEL = 0;
				GCC_PREPROCESSOR_DEFINITIONS = (
					"DEBUG=1",
					"$(inherited)",
				);
				GCC_WARN_64_TO_32_BIT_CONVERSION = YES;
				GCC_WARN_ABOUT_RETURN_TYPE = YES_ERROR;
				GCC_WARN_UNDECLARED_SELECTOR = YES;
				GCC_WARN_UNINITIALIZED_AUTOS = YES_AGGRESSIVE;
				GCC_WARN_UNUSED_FUNCTION = YES;
				GCC_WARN_UNUSED_VARIABLE = YES;
				IPHONEOS_DEPLOYMENT_TARGET = 15.0;
				MTL_ENABLE_DEBUG_INFO = INCLUDE_SOURCE;
				MTL_FAST_MATH = YES;
				ONLY_ACTIVE_ARCH = YES;
				SDKROOT = iphoneos;
				SWIFT_ACTIVE_COMPILATION_CONDITIONS = DEBUG;
				SWIFT_OPTIMIZATION_LEVEL = "-Onone";
			};
			name = Debug;
		};
		13FDFB2E2912043B003DDD1F /* Release */ = {
			isa = XCBuildConfiguration;
			buildSettings = {
				ALWAYS_SEARCH_USER_PATHS = NO;
				CLANG_ANALYZER_NONNULL = YES;
				CLANG_ANALYZER_NUMBER_OBJECT_CONVERSION = YES_AGGRESSIVE;
				CLANG_CXX_LANGUAGE_STANDARD = "gnu++17";
				CLANG_CXX_LIBRARY = "libc++";
				CLANG_ENABLE_MODULES = YES;
				CLANG_ENABLE_OBJC_ARC = YES;
				CLANG_ENABLE_OBJC_WEAK = YES;
				CLANG_WARN_BLOCK_CAPTURE_AUTORELEASING = YES;
				CLANG_WARN_BOOL_CONVERSION = YES;
				CLANG_WARN_COMMA = YES;
				CLANG_WARN_CONSTANT_CONVERSION = YES;
				CLANG_WARN_DEPRECATED_OBJC_IMPLEMENTATIONS = YES;
				CLANG_WARN_DIRECT_OBJC_ISA_USAGE = YES_ERROR;
				CLANG_WARN_DOCUMENTATION_COMMENTS = YES;
				CLANG_WARN_EMPTY_BODY = YES;
				CLANG_WARN_ENUM_CONVERSION = YES;
				CLANG_WARN_INFINITE_RECURSION = YES;
				CLANG_WARN_INT_CONVERSION = YES;
				CLANG_WARN_NON_LITERAL_NULL_CONVERSION = YES;
				CLANG_WARN_OBJC_IMPLICIT_RETAIN_SELF = YES;
				CLANG_WARN_OBJC_LITERAL_CONVERSION = YES;
				CLANG_WARN_OBJC_ROOT_CLASS = YES_ERROR;
				CLANG_WARN_QUOTED_INCLUDE_IN_FRAMEWORK_HEADER = YES;
				CLANG_WARN_RANGE_LOOP_ANALYSIS = YES;
				CLANG_WARN_STRICT_PROTOTYPES = YES;
				CLANG_WARN_SUSPICIOUS_MOVE = YES;
				CLANG_WARN_UNGUARDED_AVAILABILITY = YES_AGGRESSIVE;
				CLANG_WARN_UNREACHABLE_CODE = YES;
				CLANG_WARN__DUPLICATE_METHOD_MATCH = YES;
				COPY_PHASE_STRIP = NO;
				DEBUG_INFORMATION_FORMAT = "dwarf-with-dsym";
				ENABLE_NS_ASSERTIONS = NO;
				ENABLE_STRICT_OBJC_MSGSEND = YES;
				GCC_C_LANGUAGE_STANDARD = gnu11;
				GCC_NO_COMMON_BLOCKS = YES;
				GCC_WARN_64_TO_32_BIT_CONVERSION = YES;
				GCC_WARN_ABOUT_RETURN_TYPE = YES_ERROR;
				GCC_WARN_UNDECLARED_SELECTOR = YES;
				GCC_WARN_UNINITIALIZED_AUTOS = YES_AGGRESSIVE;
				GCC_WARN_UNUSED_FUNCTION = YES;
				GCC_WARN_UNUSED_VARIABLE = YES;
				IPHONEOS_DEPLOYMENT_TARGET = 15.0;
				MTL_ENABLE_DEBUG_INFO = NO;
				MTL_FAST_MATH = YES;
				SDKROOT = iphoneos;
				SWIFT_COMPILATION_MODE = wholemodule;
				SWIFT_OPTIMIZATION_LEVEL = "-O";
				VALIDATE_PRODUCT = YES;
			};
			name = Release;
		};
		13FDFB302912043B003DDD1F /* Debug */ = {
			isa = XCBuildConfiguration;
			buildSettings = {
				ASSETCATALOG_COMPILER_APPICON_NAME = AppIcon;
				ASSETCATALOG_COMPILER_GLOBAL_ACCENT_COLOR_NAME = AccentColor;
				CODE_SIGN_STYLE = Automatic;
				CURRENT_PROJECT_VERSION = 1;
				DEVELOPMENT_TEAM = U68TY7Z9YL;
				GENERATE_INFOPLIST_FILE = YES;
				INFOPLIST_FILE = VKClone/Info.plist;
				INFOPLIST_KEY_UIApplicationSupportsIndirectInputEvents = YES;
				INFOPLIST_KEY_UILaunchStoryboardName = LaunchScreen;
				INFOPLIST_KEY_UIMainStoryboardFile = Main;
				INFOPLIST_KEY_UISupportedInterfaceOrientations_iPad = "UIInterfaceOrientationPortrait UIInterfaceOrientationPortraitUpsideDown UIInterfaceOrientationLandscapeLeft UIInterfaceOrientationLandscapeRight";
				INFOPLIST_KEY_UISupportedInterfaceOrientations_iPhone = "UIInterfaceOrientationPortrait UIInterfaceOrientationLandscapeLeft UIInterfaceOrientationLandscapeRight";
				LD_RUNPATH_SEARCH_PATHS = (
					"$(inherited)",
					"@executable_path/Frameworks",
				);
				MARKETING_VERSION = 1.0;
				PRODUCT_BUNDLE_IDENTIFIER = pzatlar.VKClone;
				PRODUCT_NAME = "$(TARGET_NAME)";
				SWIFT_EMIT_LOC_STRINGS = YES;
				SWIFT_VERSION = 5.0;
				TARGETED_DEVICE_FAMILY = "1,2";
			};
			name = Debug;
		};
		13FDFB312912043B003DDD1F /* Release */ = {
			isa = XCBuildConfiguration;
			buildSettings = {
				ASSETCATALOG_COMPILER_APPICON_NAME = AppIcon;
				ASSETCATALOG_COMPILER_GLOBAL_ACCENT_COLOR_NAME = AccentColor;
				CODE_SIGN_STYLE = Automatic;
				CURRENT_PROJECT_VERSION = 1;
				DEVELOPMENT_TEAM = U68TY7Z9YL;
				GENERATE_INFOPLIST_FILE = YES;
				INFOPLIST_FILE = VKClone/Info.plist;
				INFOPLIST_KEY_UIApplicationSupportsIndirectInputEvents = YES;
				INFOPLIST_KEY_UILaunchStoryboardName = LaunchScreen;
				INFOPLIST_KEY_UIMainStoryboardFile = Main;
				INFOPLIST_KEY_UISupportedInterfaceOrientations_iPad = "UIInterfaceOrientationPortrait UIInterfaceOrientationPortraitUpsideDown UIInterfaceOrientationLandscapeLeft UIInterfaceOrientationLandscapeRight";
				INFOPLIST_KEY_UISupportedInterfaceOrientations_iPhone = "UIInterfaceOrientationPortrait UIInterfaceOrientationLandscapeLeft UIInterfaceOrientationLandscapeRight";
				LD_RUNPATH_SEARCH_PATHS = (
					"$(inherited)",
					"@executable_path/Frameworks",
				);
				MARKETING_VERSION = 1.0;
				PRODUCT_BUNDLE_IDENTIFIER = pzatlar.VKClone;
				PRODUCT_NAME = "$(TARGET_NAME)";
				SWIFT_EMIT_LOC_STRINGS = YES;
				SWIFT_VERSION = 5.0;
				TARGETED_DEVICE_FAMILY = "1,2";
			};
			name = Release;
		};
/* End XCBuildConfiguration section */

/* Begin XCConfigurationList section */
		13FDFB1629120438003DDD1F /* Build configuration list for PBXProject "VKClone" */ = {
			isa = XCConfigurationList;
			buildConfigurations = (
				13FDFB2D2912043B003DDD1F /* Debug */,
				13FDFB2E2912043B003DDD1F /* Release */,
			);
			defaultConfigurationIsVisible = 0;
			defaultConfigurationName = Release;
		};
		13FDFB2F2912043B003DDD1F /* Build configuration list for PBXNativeTarget "VKClone" */ = {
			isa = XCConfigurationList;
			buildConfigurations = (
				13FDFB302912043B003DDD1F /* Debug */,
				13FDFB312912043B003DDD1F /* Release */,
			);
			defaultConfigurationIsVisible = 0;
			defaultConfigurationName = Release;
		};
/* End XCConfigurationList section */
	};
	rootObject = 13FDFB1329120438003DDD1F /* Project object */;
}
